<?xml version="1.0" encoding="utf-8"?>
<Project ToolsVersion="4.0" xmlns="http://schemas.microsoft.com/developer/msbuild/2003">
  <ItemGroup>
    <Filter Include="Mesh">
      <UniqueIdentifier>{b7f25088-3831-4bf4-a059-a708f440668c}</UniqueIdentifier>
    </Filter>
    <Filter Include="Transform">
      <UniqueIdentifier>{c7bbfa44-6b1c-4886-9d6d-9e13b61ca403}</UniqueIdentifier>
    </Filter>
    <Filter Include="Types">
      <UniqueIdentifier>{14c724cb-26f1-4013-87c1-6ec8eef790d0}</UniqueIdentifier>
    </Filter>
    <Filter Include="Input">
      <UniqueIdentifier>{dc94f45c-ed0f-401e-97ad-727c23d1dec2}</UniqueIdentifier>
    </Filter>
    <Filter Include="Camera">
      <UniqueIdentifier>{2ea938d8-d5a2-4c73-a987-c078d2634c96}</UniqueIdentifier>
    </Filter>
    <Filter Include="Light">
      <UniqueIdentifier>{2338f4e4-584d-413d-af0a-f17fad37876a}</UniqueIdentifier>
    </Filter>
    <Filter Include="Input\XInput">
      <UniqueIdentifier>{3abb3234-783d-4a65-9b0f-02ec36948701}</UniqueIdentifier>
    </Filter>
    <Filter Include="Input\WinInput">
      <UniqueIdentifier>{e8c83b0e-1cd1-44df-8d3c-28d43983f0cd}</UniqueIdentifier>
    </Filter>
    <Filter Include="Input\MultiInput">
      <UniqueIdentifier>{1808f132-543b-4b2b-8ae5-93b7837b6b88}</UniqueIdentifier>
    </Filter>
    <Filter Include="GraphicData">
      <UniqueIdentifier>{1d41f496-4906-40f2-9c07-7ab7b4698e60}</UniqueIdentifier>
    </Filter>
  </ItemGroup>
  <ItemGroup>
    <ClInclude Include="include\Transform\Transform.hpp">
      <Filter>Transform</Filter>
    </ClInclude>
    <ClInclude Include="include\Types\DXMathTypes.hpp">
      <Filter>Types</Filter>
    </ClInclude>
    <ClInclude Include="include\Types\Types.hpp">
      <Filter>Types</Filter>
    </ClInclude>
    <ClInclude Include="include\ComponentsSettings.hpp" />
    <ClInclude Include="include\Input\Input.hpp">
      <Filter>Input</Filter>
    </ClInclude>
    <ClInclude Include="include\Camera\Camera.hpp">
      <Filter>Camera</Filter>
    </ClInclude>
    <ClInclude Include="include\Camera\PerspectiveCamera.hpp">
      <Filter>Camera</Filter>
    </ClInclude>
    <ClInclude Include="include\Camera\OrthographicCamera.hpp">
      <Filter>Camera</Filter>
    </ClInclude>
    <ClInclude Include="include\Light\Light.hpp">
      <Filter>Light</Filter>
    </ClInclude>
    <ClInclude Include="include\Mesh\Mesh.hpp">
      <Filter>Mesh</Filter>
    </ClInclude>
    <ClInclude Include="include\Mesh\GenericMesh.hpp">
      <Filter>Mesh</Filter>
    </ClInclude>
    <ClInclude Include="include\Input\XInput\XInput.hpp">
      <Filter>Input\XInput</Filter>
    </ClInclude>
    <ClInclude Include="include\Input\WinInput\WinInput.hpp">
      <Filter>Input\WinInput</Filter>
    </ClInclude>
    <ClInclude Include="include\Input\InputFactory.hpp">
      <Filter>Input</Filter>
    </ClInclude>
    <ClInclude Include="include\Input\MultiInput\MultiInput.hpp">
      <Filter>Input\MultiInput</Filter>
    </ClInclude>
    <ClInclude Include="include\Mesh\Bone.hpp">
      <Filter>Mesh</Filter>
    </ClInclude>
    <ClInclude Include="include\GraphicData\GraphicObjects.hpp">
      <Filter>GraphicData</Filter>
    </ClInclude>
    <ClInclude Include="include\GraphicData\MaterialProperty.hpp">
      <Filter>GraphicData</Filter>
    </ClInclude>
    <ClInclude Include="include\GraphicData\ShaderMaterialProperty.hpp">
      <Filter>GraphicData</Filter>
    </ClInclude>
    <ClInclude Include="include\Mesh\MeshFactory.hpp">
      <Filter>Mesh</Filter>
    </ClInclude>
    <ClInclude Include="include\GraphicData\RenderTargetCollection.hpp">
      <Filter>GraphicData</Filter>
    </ClInclude>
    <ClInclude Include="include\GraphicData\CameraMaterialProperty.hpp">
      <Filter>GraphicData</Filter>
    </ClInclude>
    <ClInclude Include="include\GraphicData\TopologyMaterialProperty.hpp">
      <Filter>GraphicData</Filter>
    </ClInclude>
    <ClInclude Include="include\GraphicData\ViewportMaterialProperty.hpp">
      <Filter>GraphicData</Filter>
    </ClInclude>
    <ClInclude Include="include\GraphicData\SamplerMaterialProperty.hpp">
      <Filter>GraphicData</Filter>
    </ClInclude>
    <ClInclude Include="include\GraphicData\SamplerCollection.hpp">
      <Filter>GraphicData</Filter>
    </ClInclude>
    <ClInclude Include="include\GraphicData\ViewportCollection.hpp">
      <Filter>GraphicData</Filter>
    </ClInclude>
    <ClInclude Include="include\GraphicData\BlendStateCollection.hpp">
      <Filter>GraphicData</Filter>
    </ClInclude>
  </ItemGroup>
  <ItemGroup>
    <ClCompile Include="src\Transform\Transform.cpp">
      <Filter>Transform</Filter>
    </ClCompile>
    <ClCompile Include="src\Types\DXMathTypes.cpp">
      <Filter>Types</Filter>
    </ClCompile>
    <ClCompile Include="src\Input\Input.cpp">
      <Filter>Input</Filter>
    </ClCompile>
    <ClCompile Include="src\Camera\Camera.cpp">
      <Filter>Camera</Filter>
    </ClCompile>
    <ClCompile Include="src\Camera\PerspectiveCamera.cpp">
      <Filter>Camera</Filter>
    </ClCompile>
    <ClCompile Include="src\Camera\OrthographicCamera.cpp">
      <Filter>Camera</Filter>
    </ClCompile>
    <ClCompile Include="src\Light\Light.cpp">
      <Filter>Light</Filter>
    </ClCompile>
    <ClCompile Include="src\Input\XInput\XInput.cpp">
      <Filter>Input\XInput</Filter>
    </ClCompile>
    <ClCompile Include="src\Input\WinInput\WinInput.cpp">
      <Filter>Input\WinInput</Filter>
    </ClCompile>
    <ClCompile Include="src\Input\InputFactory.cpp">
      <Filter>Input</Filter>
    </ClCompile>
    <ClCompile Include="src\Input\MultiInput\MultiInput.cpp">
      <Filter>Input\MultiInput</Filter>
    </ClCompile>
    <ClCompile Include="src\Mesh\Bone.cpp">
      <Filter>Mesh</Filter>
    </ClCompile>
    <ClCompile Include="src\Mesh\Mesh.cpp">
      <Filter>Mesh</Filter>
    </ClCompile>
    <ClCompile Include="src\GraphicData\GraphicObjects.cpp">
      <Filter>GraphicData</Filter>
    </ClCompile>
    <ClCompile Include="src\GraphicData\Material.cpp">
      <Filter>GraphicData</Filter>
    </ClCompile>
    <ClCompile Include="src\Mesh\MeshFactory.cpp">
      <Filter>Mesh</Filter>
    </ClCompile>
    <ClCompile Include="src\GraphicData\RenderTargetCollection.cpp">
      <Filter>GraphicData</Filter>
    </ClCompile>
    <ClCompile Include="src\GraphicData\CameraMaterialProperty.cpp">
      <Filter>GraphicData</Filter>
    </ClCompile>
    <ClCompile Include="src\GraphicData\TopologyMaterialProperty.cpp">
      <Filter>GraphicData</Filter>
    </ClCompile>
    <ClCompile Include="src\GraphicData\ViewportMaterialProperty.cpp">
      <Filter>GraphicData</Filter>
    </ClCompile>
    <ClCompile Include="src\GraphicData\SamplerMaterialProperty.cpp">
      <Filter>GraphicData</Filter>
    </ClCompile>
    <ClCompile Include="src\GraphicData\SamplerCollection.cpp">
      <Filter>GraphicData</Filter>
    </ClCompile>
    <ClCompile Include="src\GraphicData\ViewportCollection.cpp">
      <Filter>GraphicData</Filter>
    </ClCompile>
    <ClCompile Include="src\GraphicData\BlendStateCollection.cpp">
      <Filter>GraphicData</Filter>
    </ClCompile>
  </ItemGroup>
  <ItemGroup>
    <None Include="include\GraphicData\Material.hpp">
      <Filter>GraphicData</Filter>
    </None>
  </ItemGroup>
</Project>